{
    "_readme": [
        "This file locks the dependencies of your project to a known state",
        "Read more about it at https://getcomposer.org/doc/01-basic-usage.md#installing-dependencies",
        "This file is @generated automatically"
    ],
    "content-hash": "ffaf09a1b254ad0b688e6e8bb036c9bb",
    "packages": [
        {
            "name": "oktopost/jsonencode",
            "version": "1.0.1",
            "source": {
                "type": "git",
                "url": "https://github.com/Oktopost/jsonencode.git",
                "reference": "2ff092f0554f5b6c02762e3987e165d3912e423f"
            },
            "dist": {
                "type": "zip",
                "url": "https://api.github.com/repos/Oktopost/jsonencode/zipball/2ff092f0554f5b6c02762e3987e165d3912e423f",
                "reference": "2ff092f0554f5b6c02762e3987e165d3912e423f",
                "shasum": ""
            },
            "require": {
                "php": ">=7.1"
            },
            "require-dev": {
                "phpunit/phpunit": "^6.2",
                "satooshi/php-coveralls": "^1.0"
            },
            "type": "library",
            "autoload": {
                "files": [
                    "src/jsonencode.php",
                    "src/jsondecode.php"
                ]
            },
            "notification-url": "https://packagist.org/downloads/",
            "license": [
                "MIT"
            ],
            "authors": [
                {
                    "name": "Alexey Puchkov",
                    "email": "alexey.pkv@gmail.com"
                },
                {
                    "name": "Ivan Demchenkov",
                    "email": "demchenkov.ivan@gmail.com"
                }
            ],
            "description": "Fix the behavior of json_encode and json_decode",
            "time": "2018-06-17T12:16:38+00:00"
        },
        {
            "name": "unstable-cacao/traitor",
            "version": "1.0",
            "source": {
                "type": "git",
                "url": "https://github.com/unstable-cacao/Traitor.git",
                "reference": "31211450441132853d30f03892642712bc77f82a"
            },
            "dist": {
                "type": "zip",
                "url": "https://api.github.com/repos/unstable-cacao/Traitor/zipball/31211450441132853d30f03892642712bc77f82a",
                "reference": "31211450441132853d30f03892642712bc77f82a",
                "shasum": ""
            },
            "require": {
                "php": ">=7.1-stable"
            },
            "require-dev": {
                "phpunit/phpunit": "^6.1",
                "satooshi/php-coveralls": "^1.0"
            },
            "type": "library",
            "autoload": {
                "psr-0": {
                    "Traitor": "src"
                }
            },
            "notification-url": "https://packagist.org/downloads/",
            "license": [
                "MIT"
            ],
            "authors": [
                {
                    "name": "Alexey Puchkov",
                    "email": "alexey.pkv@gmail.com"
                },
                {
                    "name": "Marina Puchkov",
                    "email": "marinashers@gmail.com"
                }
            ],
            "time": "2017-10-10T13:16:49+00:00"
        }
    ],
    "packages-dev": [],
    "aliases": [],
    "minimum-stability": "stable",
    "stability-flags": [],
    "prefer-stable": false,
    "prefer-lowest": false,
    "platform": {
        "php": ">=5.5-stable"
    },
    "platform-dev": []
}
